
Microsoft Visual Studio Solution File, Format Version 12.00
# Visual Studio Version 17
VisualStudioVersion = 17.10.34928.147
MinimumVisualStudioVersion = 10.0.40219.1
Project("{8BC9CEB8-8B4A-11D0-8D11-00A0C91BC942}") = "AjlaOsmicAO", "AjlaOsmicAO\AjlaOsmicAO.vcxproj", "{343025EE-5934-4FA1-9E60-3FC1FAEFF424}"
EndProject
Global
	GlobalSection(SolutionConfigurationPlatforms) = preSolution
		Debug|x64 = Debug|x64
		Debug|x86 = Debug|x86
		Release|x64 = Release|x64
		Release|x86 = Release|x86
	EndGlobalSection
	GlobalSection(ProjectConfigurationPlatforms) = postSolution
		{343025EE-5934-4FA1-9E60-3FC1FAEFF424}.Debug|x64.ActiveCfg = Debug|x64
		{343025EE-5934-4FA1-9E60-3FC1FAEFF424}.Debug|x64.Build.0 = Debug|x64
		{343025EE-5934-4FA1-9E60-3FC1FAEFF424}.Debug|x86.ActiveCfg = Debug|Win32
		{343025EE-5934-4FA1-9E60-3FC1FAEFF424}.Debug|x86.Build.0 = Debug|Win32
		{343025EE-5934-4FA1-9E60-3FC1FAEFF424}.Release|x64.ActiveCfg = Release|x64
		{343025EE-5934-4FA1-9E60-3FC1FAEFF424}.Release|x64.Build.0 = Release|x64
		{343025EE-5934-4FA1-9E60-3FC1FAEFF424}.Release|x86.ActiveCfg = Release|Win32
		{343025EE-5934-4FA1-9E60-3FC1FAEFF424}.Release|x86.Build.0 = Release|Win32
	EndGlobalSection
	GlobalSection(SolutionProperties) = preSolution
		HideSolutionNode = FALSE
	EndGlobalSection
	GlobalSection(ExtensibilityGlobals) = postSolution
		SolutionGuid = {92846147-9F43-4CCD-B8C3-325D55AE26BE}
	EndGlobalSection
EndGlobal
